# THIS IS AN AUTOGENERATED FILE. DO NOT EDIT THIS FILE DIRECTLY.
# yarn lockfile v1


cross-fetch@^3.0.5:
  version "3.0.5"
  resolved "https://registry.npm.taobao.org/cross-fetch/download/cross-fetch-3.0.5.tgz?cache=0&sync_timestamp=1592177883093&other_urls=https%3A%2F%2Fregistry.npm.taobao.org%2Fcross-fetch%2Fdownload%2Fcross-fetch-3.0.5.tgz#2739d2981892e7ab488a7ad03b92df2816e03f4c"
  integrity sha1-JznSmBiS56tIinrQO5LfKBbgP0w=
  dependencies:
    node-fetch "2.6.0"

node-fetch@2.6.0:
  version "2.6.0"
  resolved "https://registry.npm.taobao.org/node-fetch/download/node-fetch-2.6.0.tgz?cache=0&sync_timestamp=1597046964697&other_urls=https%3A%2F%2Fregistry.npm.taobao.org%2Fnode-fetch%2Fdownload%2Fnode-fetch-2.6.0.tgz#e633456386d4aa55863f676a7ab0daa8fdecb0fd"
  integrity sha1-5jNFY4bUqlWGP2dqerDaqP3ssP0=

node-forge@^0.9.1:
  version "0.9.1"
  resolved "https://registry.npm.taobao.org/node-forge/download/node-forge-0.9.1.tgz#775368e6846558ab6676858a4d8c6e8d16c677b5"
  integrity sha1-d1No5oRlWKtmdoWKTYxujRbGd7U=
